DEPENDENCIES
  berkshelf-api-server
    path: .
    metadata: true

GRAPH
  apt (2.7.0)
  berkshelf-api-server (2.1.1)
    build-essential (>= 2.0.2)
    libarchive (>= 0.6.0)
    nginx (>= 2.7.6)
    runit (>= 0.0.0)
  bluepill (2.3.1)
    rsyslog (>= 0.0.0)
  build-essential (2.2.3)
  github (0.3.2)
    libarchive (>= 0.0.0)
  libarchive (0.6.1)
    apt (~> 2.5)
    yum-epel (~> 0.6)
  nginx (2.7.6)
    apt (~> 2.2)
    bluepill (~> 2.3)
    build-essential (~> 2.0)
    ohai (~> 2.0)
    runit (~> 1.2)
    yum-epel (~> 0.3)
  ohai (2.0.1)
  packagecloud (0.0.19)
  rsyslog (2.1.0)
  runit (1.7.2)
    packagecloud (>= 0.0.0)
  yum (3.6.3)
  yum-epel (0.6.2)
    yum (~> 3.2)
