DEPENDENCIES
  berkshelf-api-server
    path: .
    metadata: true

GRAPH
  7-zip (1.0.2)
    windows (>= 1.2.2)
  apt (2.9.2)
  berkshelf-api-server (2.1.3)
    apt (>= 0.0.0)
    build-essential (>= 2.0.2)
    github (>= 0.3.0)
    libarchive (>= 0.4.0)
    nginx (>= 1.7.0)
    runit (>= 0.0.0)
  bluepill (2.4.3)
    rsyslog (>= 2.0)
  build-essential (2.4.0)
    7-zip (>= 0.0.0)
  chef_handler (1.4.0)
  compat_resource (12.10.7)
  github (0.3.2)
    libarchive (>= 0.0.0)
  libarchive (0.6.2)
    apt (>= 2.5)
    yum-epel (~> 0.6)
  nginx (2.7.6)
    apt (~> 2.2)
    bluepill (~> 2.3)
    build-essential (~> 2.0)
    ohai (~> 2.0)
    runit (~> 1.2)
    yum-epel (~> 0.3)
  ohai (2.1.0)
  packagecloud (0.2.4)
  rsyslog (4.0.1)
    compat_resource (>= 0.0.0)
  runit (1.8.0)
    packagecloud (>= 0.0.0)
    yum-epel (>= 0.0.0)
  windows (1.44.1)
    chef_handler (>= 0.0.0)
  yum (3.11.0)
  yum-epel (0.7.0)
    yum (>= 3.6.3)
