DEPENDENCIES
  berkshelf-api
    path: .
    metadata: true

GRAPH
  apt (2.3.8)
  berkshelf-api (1.2.0)
    github (~> 0.2)
    libarchive (~> 0.3)
    nginx (>= 1.7.0)
    runit (>= 0.0.0)
  build-essential (2.0.0)
  github (0.2.1)
    libarchive (>= 0.0.0)
  libarchive (0.3.0)
  nginx (1.8.0)
    apt (>= 0.0.0)
    build-essential (>= 0.0.0)
    ohai (>= 1.1.4)
    runit (>= 0.0.0)
    yum (>= 0.0.0)
  ohai (2.0.0)
  runit (1.5.10)
    build-essential (>= 0.0.0)
    yum (~> 3.0)
    yum-epel (>= 0.0.0)
  yum (3.2.0)
  yum-epel (0.3.6)
    yum (~> 3.0)
